
Microsoft Visual Studio Solution File, Format Version 12.00
# Visual Studio 15
VisualStudioVersion = 15.0.27130.2010
MinimumVisualStudioVersion = 10.0.40219.1
Project("{FAE04EC0-301F-11D3-BF4B-00C04F79EFBC}") = "BE", "BE\BE.csproj", "{8E4DF226-62C6-455E-AD16-E28C9ABBB44F}"
EndProject
Project("{FAE04EC0-301F-11D3-BF4B-00C04F79EFBC}") = "DAL", "DAL\DAL.csproj", "{BD801A73-9D81-414E-A1DC-1330B5ABBB83}"
EndProject
Project("{FAE04EC0-301F-11D3-BF4B-00C04F79EFBC}") = "BL", "BL\BL.csproj", "{59365490-C726-4591-A87E-800C094E2AD7}"
EndProject
Project("{FAE04EC0-301F-11D3-BF4B-00C04F79EFBC}") = "UI", "UI\UI.csproj", "{97F7D0A9-04BF-46E1-BBB5-39DB466E916B}"
EndProject
Project("{FAE04EC0-301F-11D3-BF4B-00C04F79EFBC}") = "DS", "DS\DS.csproj", "{1408961E-50E5-4108-8E2C-55ACDF28A7C9}"
EndProject
Global
	GlobalSection(SolutionConfigurationPlatforms) = preSolution
		Debug|Any CPU = Debug|Any CPU
		Release|Any CPU = Release|Any CPU
	EndGlobalSection
	GlobalSection(ProjectConfigurationPlatforms) = postSolution
		{8E4DF226-62C6-455E-AD16-E28C9ABBB44F}.Debug|Any CPU.ActiveCfg = Debug|Any CPU
		{8E4DF226-62C6-455E-AD16-E28C9ABBB44F}.Debug|Any CPU.Build.0 = Debug|Any CPU
		{8E4DF226-62C6-455E-AD16-E28C9ABBB44F}.Release|Any CPU.ActiveCfg = Release|Any CPU
		{8E4DF226-62C6-455E-AD16-E28C9ABBB44F}.Release|Any CPU.Build.0 = Release|Any CPU
		{BD801A73-9D81-414E-A1DC-1330B5ABBB83}.Debug|Any CPU.ActiveCfg = Debug|Any CPU
		{BD801A73-9D81-414E-A1DC-1330B5ABBB83}.Debug|Any CPU.Build.0 = Debug|Any CPU
		{BD801A73-9D81-414E-A1DC-1330B5ABBB83}.Release|Any CPU.ActiveCfg = Release|Any CPU
		{BD801A73-9D81-414E-A1DC-1330B5ABBB83}.Release|Any CPU.Build.0 = Release|Any CPU
		{59365490-C726-4591-A87E-800C094E2AD7}.Debug|Any CPU.ActiveCfg = Debug|Any CPU
		{59365490-C726-4591-A87E-800C094E2AD7}.Debug|Any CPU.Build.0 = Debug|Any CPU
		{59365490-C726-4591-A87E-800C094E2AD7}.Release|Any CPU.ActiveCfg = Release|Any CPU
		{59365490-C726-4591-A87E-800C094E2AD7}.Release|Any CPU.Build.0 = Release|Any CPU
		{97F7D0A9-04BF-46E1-BBB5-39DB466E916B}.Debug|Any CPU.ActiveCfg = Debug|Any CPU
		{97F7D0A9-04BF-46E1-BBB5-39DB466E916B}.Debug|Any CPU.Build.0 = Debug|Any CPU
		{97F7D0A9-04BF-46E1-BBB5-39DB466E916B}.Release|Any CPU.ActiveCfg = Release|Any CPU
		{97F7D0A9-04BF-46E1-BBB5-39DB466E916B}.Release|Any CPU.Build.0 = Release|Any CPU
		{1408961E-50E5-4108-8E2C-55ACDF28A7C9}.Debug|Any CPU.ActiveCfg = Debug|Any CPU
		{1408961E-50E5-4108-8E2C-55ACDF28A7C9}.Debug|Any CPU.Build.0 = Debug|Any CPU
		{1408961E-50E5-4108-8E2C-55ACDF28A7C9}.Release|Any CPU.ActiveCfg = Release|Any CPU
		{1408961E-50E5-4108-8E2C-55ACDF28A7C9}.Release|Any CPU.Build.0 = Release|Any CPU
	EndGlobalSection
	GlobalSection(SolutionProperties) = preSolution
		HideSolutionNode = FALSE
	EndGlobalSection
	GlobalSection(ExtensibilityGlobals) = postSolution
		SolutionGuid = {CDA167B3-1750-440E-9133-F7C044FDD1AC}
	EndGlobalSection
EndGlobal
